# This file is generated by running "yarn install" inside your project.
# Manual changes might be lost - proceed with caution!

__metadata:
  version: 6
  cacheKey: 8

"@hyperjump/json-pointer@npm:^1.0.0":
  version: 1.0.1
  resolution: "@hyperjump/json-pointer@npm:1.0.1"
  dependencies:
    just-curry-it: ^5.3.0
  checksum: 9dc6d28ccdf9afa3d0c2a9e20bf954357b747fedf3c7ac7343729b34ecb94fd1060405640e29c719c8276faac4030e4cdacb2d57ed4af0f1b3c115d7e1691472
  languageName: node
  linkType: hard

"@hyperjump/json-schema@npm:^1.5.1":
  version: 1.5.1
  resolution: "@hyperjump/json-schema@npm:1.5.1"
  dependencies:
    "@hyperjump/json-pointer": ^1.0.0
    "@hyperjump/pact": ^1.0.0
    "@hyperjump/uri": ^1.2.0
    content-type: ^1.0.4
    fastest-stable-stringify: ^2.0.2
    just-curry-it: ^5.3.0
    undici: ^5.19.1
    uuid: ^9.0.0
  checksum: 3dea7707850eec01b667f39120358d65949c22b0ec7449f2fdf543d06510d76a861744b1279f07967dac5c0f3fd6114d5a36ff880bba3d41679aaeee35314a80
  languageName: node
  linkType: hard

"@hyperjump/pact@npm:^1.0.0":
  version: 1.0.0
  resolution: "@hyperjump/pact@npm:1.0.0"
  dependencies:
    just-curry-it: ^5.3.0
  checksum: fd333e0ff3269dd0cd7db1289bb5cc15e7dae16f57e3e80d1dd23864aadf79f4f126baae3f70644539daa00eac95840c8930ed90878558e56211331eca327c3a
  languageName: node
  linkType: hard

"@hyperjump/uri@npm:^1.2.0":
  version: 1.2.0
  resolution: "@hyperjump/uri@npm:1.2.0"
  checksum: f394c8921cdd5ee0d96ac3325796cc1801d02309c6208d8aa2fd77af5bd2c89d962b9d409c9dbf3c5964d2818de892869f3a666cb2e42d55b638995a74bad850
  languageName: node
  linkType: hard

"busboy@npm:^1.6.0":
  version: 1.6.0
  resolution: "busboy@npm:1.6.0"
  dependencies:
    streamsearch: ^1.1.0
  checksum: 32801e2c0164e12106bf236291a00795c3c4e4b709ae02132883fe8478ba2ae23743b11c5735a0aae8afe65ac4b6ca4568b91f0d9fed1fdbc32ede824a73746e
  languageName: node
  linkType: hard

"content-type@npm:^1.0.4":
  version: 1.0.5
  resolution: "content-type@npm:1.0.5"
  checksum: 566271e0a251642254cde0f845f9dd4f9856e52d988f4eb0d0dcffbb7a1f8ec98de7a5215fc628f3bce30fe2fb6fd2bc064b562d721658c59b544e2d34ea2766
  languageName: node
  linkType: hard

"fastest-stable-stringify@npm:^2.0.2":
  version: 2.0.2
  resolution: "fastest-stable-stringify@npm:2.0.2"
  checksum: 5e2cb166c7bb6f16ac25a1e4be17f6b8d2923234c80739e12c9d21dea376b3128b2c63f90aa2aae7746cfec4dcf188d1d4eb6a964bb484ca133f17c8e9acfacc
  languageName: node
  linkType: hard

"google-workspace-addon-json-schema@workspace:.":
  version: 0.0.0-use.local
  resolution: "google-workspace-addon-json-schema@workspace:."
  dependencies:
    "@hyperjump/json-schema": ^1.5.1
  languageName: unknown
  linkType: soft

"just-curry-it@npm:^5.3.0":
  version: 5.3.0
  resolution: "just-curry-it@npm:5.3.0"
  checksum: 7a7d2e118c23e47374efa1a388f82d8b698953203408f398cd5333d22ea31aaa7ea7a10022f9475ba76c6068468bbb0476398a069f7129586f44ee51ef28a88f
  languageName: node
  linkType: hard

"streamsearch@npm:^1.1.0":
  version: 1.1.0
  resolution: "streamsearch@npm:1.1.0"
  checksum: 1cce16cea8405d7a233d32ca5e00a00169cc0e19fbc02aa839959985f267335d435c07f96e5e0edd0eadc6d39c98d5435fb5bbbdefc62c41834eadc5622ad942
  languageName: node
  linkType: hard

"undici@npm:^5.19.1":
  version: 5.22.1
  resolution: "undici@npm:5.22.1"
  dependencies:
    busboy: ^1.6.0
  checksum: 048a3365f622be44fb319316cedfaa241c59cf7f3368ae7667a12323447e1822e8cc3d00f6956c852d1478a6fde1cbbe753f49e05f2fdaed229693e716ebaf35
  languageName: node
  linkType: hard

"uuid@npm:^9.0.0":
  version: 9.0.0
  resolution: "uuid@npm:9.0.0"
  bin:
    uuid: dist/bin/uuid
  checksum: 8dd2c83c43ddc7e1c71e36b60aea40030a6505139af6bee0f382ebcd1a56f6cd3028f7f06ffb07f8cf6ced320b76aea275284b224b002b289f89fe89c389b028
  languageName: node
  linkType: hard
